// !$*UTF8*$!
{
	archiveVersion = 1;
	classes = {
	};
	objectVersion = 46;
	objects = {

/* Begin PBXBuildFile section */
		B9C12E3F19134BE9002E433F /* Foundation.framework in Frameworks */ = {isa = PBXBuildFile; fileRef = B9C12E3E19134BE9002E433F /* Foundation.framework */; };
		B9C12E4119134BE9002E433F /* CoreGraphics.framework in Frameworks */ = {isa = PBXBuildFile; fileRef = B9C12E4019134BE9002E433F /* CoreGraphics.framework */; };
		B9C12E4319134BE9002E433F /* UIKit.framework in Frameworks */ = {isa = PBXBuildFile; fileRef = B9C12E4219134BE9002E433F /* UIKit.framework */; };
		B9C12E4919134BE9002E433F /* InfoPlist.strings in Resources */ = {isa = PBXBuildFile; fileRef = B9C12E4719134BE9002E433F /* InfoPlist.strings */; };
		B9C12E4B19134BE9002E433F /* main.m in Sources */ = {isa = PBXBuildFile; fileRef = B9C12E4A19134BE9002E433F /* main.m */; };
		B9C12E4F19134BE9002E433F /* AppDelegate.m in Sources */ = {isa = PBXBuildFile; fileRef = B9C12E4E19134BE9002E433F /* AppDelegate.m */; };
		B9C12E5119134BE9002E433F /* Images.xcassets in Resources */ = {isa = PBXBuildFile; fileRef = B9C12E5019134BE9002E433F /* Images.xcassets */; };
		B9C12E5819134BE9002E433F /* XCTest.framework in Frameworks */ = {isa = PBXBuildFile; fileRef = B9C12E5719134BE9002E433F /* XCTest.framework */; };
		B9C12E5919134BE9002E433F /* Foundation.framework in Frameworks */ = {isa = PBXBuildFile; fileRef = B9C12E3E19134BE9002E433F /* Foundation.framework */; };
		B9C12E5A19134BE9002E433F /* UIKit.framework in Frameworks */ = {isa = PBXBuildFile; fileRef = B9C12E4219134BE9002E433F /* UIKit.framework */; };
		B9C12E6219134BE9002E433F /* InfoPlist.strings in Resources */ = {isa = PBXBuildFile; fileRef = B9C12E6019134BE9002E433F /* InfoPlist.strings */; };
		B9C12E6419134BE9002E433F /* tipCalculatorTests.m in Sources */ = {isa = PBXBuildFile; fileRef = B9C12E6319134BE9002E433F /* tipCalculatorTests.m */; };
/* End PBXBuildFile section */

/* Begin PBXContainerItemProxy section */
		B9C12E5B19134BE9002E433F /* PBXContainerItemProxy */ = {
			isa = PBXContainerItemProxy;
			containerPortal = B9C12E3319134BE9002E433F /* Project object */;
			proxyType = 1;
			remoteGlobalIDString = B9C12E3A19134BE9002E433F;
			remoteInfo = tipCalculator;
		};
/* End PBXContainerItemProxy section */

/* Begin PBXFileReference section */
		B9C12E3B19134BE9002E433F /* tipCalculator.app */ = {isa = PBXFileReference; explicitFileType = wrapper.application; includeInIndex = 0; path = tipCalculator.app; sourceTree = BUILT_PRODUCTS_DIR; };
		B9C12E3E19134BE9002E433F /* Foundation.framework */ = {isa = PBXFileReference; lastKnownFileType = wrapper.framework; name = Foundation.framework; path = System/Library/Frameworks/Foundation.framework; sourceTree = SDKROOT; };
		B9C12E4019134BE9002E433F /* CoreGraphics.framework */ = {isa = PBXFileReference; lastKnownFileType = wrapper.framework; name = CoreGraphics.framework; path = System/Library/Frameworks/CoreGraphics.framework; sourceTree = SDKROOT; };
		B9C12E4219134BE9002E433F /* UIKit.framework */ = {isa = PBXFileReference; lastKnownFileType = wrapper.framework; name = UIKit.framework; path = System/Library/Frameworks/UIKit.framework; sourceTree = SDKROOT; };
		B9C12E4619134BE9002E433F /* tipCalculator-Info.plist */ = {isa = PBXFileReference; lastKnownFileType = text.plist.xml; path = "tipCalculator-Info.plist"; sourceTree = "<group>"; };
		B9C12E4819134BE9002E433F /* en */ = {isa = PBXFileReference; lastKnownFileType = text.plist.strings; name = en; path = en.lproj/InfoPlist.strings; sourceTree = "<group>"; };
		B9C12E4A19134BE9002E433F /* main.m */ = {isa = PBXFileReference; lastKnownFileType = sourcecode.c.objc; path = main.m; sourceTree = "<group>"; };
		B9C12E4C19134BE9002E433F /* tipCalculator-Prefix.pch */ = {isa = PBXFileReference; lastKnownFileType = sourcecode.c.h; path = "tipCalculator-Prefix.pch"; sourceTree = "<group>"; };
		B9C12E4D19134BE9002E433F /* AppDelegate.h */ = {isa = PBXFileReference; lastKnownFileType = sourcecode.c.h; path = AppDelegate.h; sourceTree = "<group>"; };
		B9C12E4E19134BE9002E433F /* AppDelegate.m */ = {isa = PBXFileReference; lastKnownFileType = sourcecode.c.objc; path = AppDelegate.m; sourceTree = "<group>"; };
		B9C12E5019134BE9002E433F /* Images.xcassets */ = {isa = PBXFileReference; lastKnownFileType = folder.assetcatalog; path = Images.xcassets; sourceTree = "<group>"; };
		B9C12E5619134BE9002E433F /* tipCalculatorTests.xctest */ = {isa = PBXFileReference; explicitFileType = wrapper.cfbundle; includeInIndex = 0; path = tipCalculatorTests.xctest; sourceTree = BUILT_PRODUCTS_DIR; };
		B9C12E5719134BE9002E433F /* XCTest.framework */ = {isa = PBXFileReference; lastKnownFileType = wrapper.framework; name = XCTest.framework; path = Library/Frameworks/XCTest.framework; sourceTree = DEVELOPER_DIR; };
		B9C12E5F19134BE9002E433F /* tipCalculatorTests-Info.plist */ = {isa = PBXFileReference; lastKnownFileType = text.plist.xml; path = "tipCalculatorTests-Info.plist"; sourceTree = "<group>"; };
		B9C12E6119134BE9002E433F /* en */ = {isa = PBXFileReference; lastKnownFileType = text.plist.strings; name = en; path = en.lproj/InfoPlist.strings; sourceTree = "<group>"; };
		B9C12E6319134BE9002E433F /* tipCalculatorTests.m */ = {isa = PBXFileReference; lastKnownFileType = sourcecode.c.objc; path = tipCalculatorTests.m; sourceTree = "<group>"; };
/* End PBXFileReference section */

/* Begin PBXFrameworksBuildPhase section */
		B9C12E3819134BE9002E433F /* Frameworks */ = {
			isa = PBXFrameworksBuildPhase;
			buildActionMask = 2147483647;
			files = (
				B9C12E4119134BE9002E433F /* CoreGraphics.framework in Frameworks */,
				B9C12E4319134BE9002E433F /* UIKit.framework in Frameworks */,
				B9C12E3F19134BE9002E433F /* Foundation.framework in Frameworks */,
			);
			runOnlyForDeploymentPostprocessing = 0;
		};
		B9C12E5319134BE9002E433F /* Frameworks */ = {
			isa = PBXFrameworksBuildPhase;
			buildActionMask = 2147483647;
			files = (
				B9C12E5819134BE9002E433F /* XCTest.framework in Frameworks */,
				B9C12E5A19134BE9002E433F /* UIKit.framework in Frameworks */,
				B9C12E5919134BE9002E433F /* Foundation.framework in Frameworks */,
			);
			runOnlyForDeploymentPostprocessing = 0;
		};
/* End PBXFrameworksBuildPhase section */

/* Begin PBXGroup section */
		B9C12E3219134BE9002E433F = {
			isa = PBXGroup;
			children = (
				B9C12E4419134BE9002E433F /* tipCalculator */,
				B9C12E5D19134BE9002E433F /* tipCalculatorTests */,
				B9C12E3D19134BE9002E433F /* Frameworks */,
				B9C12E3C19134BE9002E433F /* Products */,
			);
			sourceTree = "<group>";
		};
		B9C12E3C19134BE9002E433F /* Products */ = {
			isa = PBXGroup;
			children = (
				B9C12E3B19134BE9002E433F /* tipCalculator.app */,
				B9C12E5619134BE9002E433F /* tipCalculatorTests.xctest */,
			);
			name = Products;
			sourceTree = "<group>";
		};
		B9C12E3D19134BE9002E433F /* Frameworks */ = {
			isa = PBXGroup;
			children = (
				B9C12E3E19134BE9002E433F /* Foundation.framework */,
				B9C12E4019134BE9002E433F /* CoreGraphics.framework */,
				B9C12E4219134BE9002E433F /* UIKit.framework */,
				B9C12E5719134BE9002E433F /* XCTest.framework */,
			);
			name = Frameworks;
			sourceTree = "<group>";
		};
		B9C12E4419134BE9002E433F /* tipCalculator */ = {
			isa = PBXGroup;
			children = (
				B9C12E4D19134BE9002E433F /* AppDelegate.h */,
				B9C12E4E19134BE9002E433F /* AppDelegate.m */,
				B9C12E5019134BE9002E433F /* Images.xcassets */,
				B9C12E4519134BE9002E433F /* Supporting Files */,
			);
			path = tipCalculator;
			sourceTree = "<group>";
		};
		B9C12E4519134BE9002E433F /* Supporting Files */ = {
			isa = PBXGroup;
			children = (
				B9C12E4619134BE9002E433F /* tipCalculator-Info.plist */,
				B9C12E4719134BE9002E433F /* InfoPlist.strings */,
				B9C12E4A19134BE9002E433F /* main.m */,
				B9C12E4C19134BE9002E433F /* tipCalculator-Prefix.pch */,
			);
			name = "Supporting Files";
			sourceTree = "<group>";
		};
		B9C12E5D19134BE9002E433F /* tipCalculatorTests */ = {
			isa = PBXGroup;
			children = (
				B9C12E6319134BE9002E433F /* tipCalculatorTests.m */,
				B9C12E5E19134BE9002E433F /* Supporting Files */,
			);
			path = tipCalculatorTests;
			sourceTree = "<group>";
		};
		B9C12E5E19134BE9002E433F /* Supporting Files */ = {
			isa = PBXGroup;
			children = (
				B9C12E5F19134BE9002E433F /* tipCalculatorTests-Info.plist */,
				B9C12E6019134BE9002E433F /* InfoPlist.strings */,
			);
			name = "Supporting Files";
			sourceTree = "<group>";
		};
/* End PBXGroup section */

/* Begin PBXNativeTarget section */
		B9C12E3A19134BE9002E433F /* tipCalculator */ = {
			isa = PBXNativeTarget;
			buildConfigurationList = B9C12E6719134BE9002E433F /* Build configuration list for PBXNativeTarget "tipCalculator" */;
			buildPhases = (
				B9C12E3719134BE9002E433F /* Sources */,
				B9C12E3819134BE9002E433F /* Frameworks */,
				B9C12E3919134BE9002E433F /* Resources */,
			);
			buildRules = (
			);
			dependencies = (
			);
			name = tipCalculator;
			productName = tipCalculator;
			productReference = B9C12E3B19134BE9002E433F /* tipCalculator.app */;
			productType = "com.apple.product-type.application";
		};
		B9C12E5519134BE9002E433F /* tipCalculatorTests */ = {
			isa = PBXNativeTarget;
			buildConfigurationList = B9C12E6A19134BE9002E433F /* Build configuration list for PBXNativeTarget "tipCalculatorTests" */;
			buildPhases = (
				B9C12E5219134BE9002E433F /* Sources */,
				B9C12E5319134BE9002E433F /* Frameworks */,
				B9C12E5419134BE9002E433F /* Resources */,
			);
			buildRules = (
			);
			dependencies = (
				B9C12E5C19134BE9002E433F /* PBXTargetDependency */,
			);
			name = tipCalculatorTests;
			productName = tipCalculatorTests;
			productReference = B9C12E5619134BE9002E433F /* tipCalculatorTests.xctest */;
			productType = "com.apple.product-type.bundle.unit-test";
		};
/* End PBXNativeTarget section */

/* Begin PBXProject section */
		B9C12E3319134BE9002E433F /* Project object */ = {
			isa = PBXProject;
			attributes = {
				LastUpgradeCheck = 0510;
				ORGANIZATIONNAME = FOX;
				TargetAttributes = {
					B9C12E5519134BE9002E433F = {
						TestTargetID = B9C12E3A19134BE9002E433F;
					};
				};
			};
			buildConfigurationList = B9C12E3619134BE9002E433F /* Build configuration list for PBXProject "tipCalculator" */;
			compatibilityVersion = "Xcode 3.2";
			developmentRegion = English;
			hasScannedForEncodings = 0;
			knownRegions = (
				en,
			);
			mainGroup = B9C12E3219134BE9002E433F;
			productRefGroup = B9C12E3C19134BE9002E433F /* Products */;
			projectDirPath = "";
			projectRoot = "";
			targets = (
				B9C12E3A19134BE9002E433F /* tipCalculator */,
				B9C12E5519134BE9002E433F /* tipCalculatorTests */,
			);
		};
/* End PBXProject section */

/* Begin PBXResourcesBuildPhase section */
		B9C12E3919134BE9002E433F /* Resources */ = {
			isa = PBXResourcesBuildPhase;
			buildActionMask = 2147483647;
			files = (
				B9C12E4919134BE9002E433F /* InfoPlist.strings in Resources */,
				B9C12E5119134BE9002E433F /* Images.xcassets in Resources */,
			);
			runOnlyForDeploymentPostprocessing = 0;
		};
		B9C12E5419134BE9002E433F /* Resources */ = {
			isa = PBXResourcesBuildPhase;
			buildActionMask = 2147483647;
			files = (
				B9C12E6219134BE9002E433F /* InfoPlist.strings in Resources */,
			);
			runOnlyForDeploymentPostprocessing = 0;
		};
/* End PBXResourcesBuildPhase section */

/* Begin PBXSourcesBuildPhase section */
		B9C12E3719134BE9002E433F /* Sources */ = {
			isa = PBXSourcesBuildPhase;
			buildActionMask = 2147483647;
			files = (
				B9C12E4F19134BE9002E433F /* AppDelegate.m in Sources */,
				B9C12E4B19134BE9002E433F /* main.m in Sources */,
			);
			runOnlyForDeploymentPostprocessing = 0;
		};
		B9C12E5219134BE9002E433F /* Sources */ = {
			isa = PBXSourcesBuildPhase;
			buildActionMask = 2147483647;
			files = (
				B9C12E6419134BE9002E433F /* tipCalculatorTests.m in Sources */,
			);
			runOnlyForDeploymentPostprocessing = 0;
		};
/* End PBXSourcesBuildPhase section */

/* Begin PBXTargetDependency section */
		B9C12E5C19134BE9002E433F /* PBXTargetDependency */ = {
			isa = PBXTargetDependency;
			target = B9C12E3A19134BE9002E433F /* tipCalculator */;
			targetProxy = B9C12E5B19134BE9002E433F /* PBXContainerItemProxy */;
		};
/* End PBXTargetDependency section */

/* Begin PBXVariantGroup section */
		B9C12E4719134BE9002E433F /* InfoPlist.strings */ = {
			isa = PBXVariantGroup;
			children = (
				B9C12E4819134BE9002E433F /* en */,
			);
			name = InfoPlist.strings;
			sourceTree = "<group>";
		};
		B9C12E6019134BE9002E433F /* InfoPlist.strings */ = {
			isa = PBXVariantGroup;
			children = (
				B9C12E6119134BE9002E433F /* en */,
			);
			name = InfoPlist.strings;
			sourceTree = "<group>";
		};
/* End PBXVariantGroup section */

/* Begin XCBuildConfiguration section */
		B9C12E6519134BE9002E433F /* Debug */ = {
			isa = XCBuildConfiguration;
			buildSettings = {
				ALWAYS_SEARCH_USER_PATHS = NO;
				CLANG_CXX_LANGUAGE_STANDARD = "gnu++0x";
				CLANG_CXX_LIBRARY = "libc++";
				CLANG_ENABLE_MODULES = YES;
				CLANG_ENABLE_OBJC_ARC = YES;
				CLANG_WARN_BOOL_CONVERSION = YES;
				CLANG_WARN_CONSTANT_CONVERSION = YES;
				CLANG_WARN_DIRECT_OBJC_ISA_USAGE = YES_ERROR;
				CLANG_WARN_EMPTY_BODY = YES;
				CLANG_WARN_ENUM_CONVERSION = YES;
				CLANG_WARN_INT_CONVERSION = YES;
				CLANG_WARN_OBJC_ROOT_CLASS = YES_ERROR;
				CLANG_WARN__DUPLICATE_METHOD_MATCH = YES;
				"CODE_SIGN_IDENTITY[sdk=iphoneos*]" = "iPhone Developer";
				COPY_PHASE_STRIP = NO;
				GCC_C_LANGUAGE_STANDARD = gnu99;
				GCC_DYNAMIC_NO_PIC = NO;
				GCC_OPTIMIZATION_LEVEL = 0;
				GCC_PREPROCESSOR_DEFINITIONS = (
					"DEBUG=1",
					"$(inherited)",
				);
				GCC_SYMBOLS_PRIVATE_EXTERN = NO;
				GCC_WARN_64_TO_32_BIT_CONVERSION = YES;
				GCC_WARN_ABOUT_RETURN_TYPE = YES_ERROR;
				GCC_WARN_UNDECLARED_SELECTOR = YES;
				GCC_WARN_UNINITIALIZED_AUTOS = YES_AGGRESSIVE;
				GCC_WARN_UNUSED_FUNCTION = YES;
				GCC_WARN_UNUSED_VARIABLE = YES;
				IPHONEOS_DEPLOYMENT_TARGET = 7.1;
				ONLY_ACTIVE_ARCH = YES;
				SDKROOT = iphoneos;
				TARGETED_DEVICE_FAMILY = "1,2";
			};
			name = Debug;
		};
		B9C12E6619134BE9002E433F /* Release */ = {
			isa = XCBuildConfiguration;
			buildSettings = {
				ALWAYS_SEARCH_USER_PATHS = NO;
				CLANG_CXX_LANGUAGE_STANDARD = "gnu++0x";
				CLANG_CXX_LIBRARY = "libc++";
				CLANG_ENABLE_MODULES = YES;
				CLANG_ENABLE_OBJC_ARC = YES;
				CLANG_WARN_BOOL_CONVERSION = YES;
				CLANG_WARN_CONSTANT_CONVERSION = YES;
				CLANG_WARN_DIRECT_OBJC_ISA_USAGE = YES_ERROR;
				CLANG_WARN_EMPTY_BODY = YES;
				CLANG_WARN_ENUM_CONVERSION = YES;
				CLANG_WARN_INT_CONVERSION = YES;
				CLANG_WARN_OBJC_ROOT_CLASS = YES_ERROR;
				CLANG_WARN__DUPLICATE_METHOD_MATCH = YES;
				"CODE_SIGN_IDENTITY[sdk=iphoneos*]" = "iPhone Developer";
				COPY_PHASE_STRIP = YES;
				ENABLE_NS_ASSERTIONS = NO;
				GCC_C_LANGUAGE_STANDARD = gnu99;
				GCC_WARN_64_TO_32_BIT_CONVERSION = YES;
				GCC_WARN_ABOUT_RETURN_TYPE = YES_ERROR;
				GCC_WARN_UNDECLARED_SELECTOR = YES;
				GCC_WARN_UNINITIALIZED_AUTOS = YES_AGGRESSIVE;
				GCC_WARN_UNUSED_FUNCTION = YES;
				GCC_WARN_UNUSED_VARIABLE = YES;
				IPHONEOS_DEPLOYMENT_TARGET = 7.1;
				SDKROOT = iphoneos;
				TARGETED_DEVICE_FAMILY = "1,2";
				VALIDATE_PRODUCT = YES;
			};
			name = Release;
		};
		B9C12E6819134BE9002E433F /* Debug */ = {
			isa = XCBuildConfiguration;
			buildSettings = {
				ASSETCATALOG_COMPILER_APPICON_NAME = AppIcon;
				ASSETCATALOG_COMPILER_LAUNCHIMAGE_NAME = LaunchImage;
				GCC_PRECOMPILE_PREFIX_HEADER = YES;
				GCC_PREFIX_HEADER = "tipCalculator/tipCalculator-Prefix.pch";
				INFOPLIST_FILE = "tipCalculator/tipCalculator-Info.plist";
				PRODUCT_NAME = "$(TARGET_NAME)";
				WRAPPER_EXTENSION = app;
			};
			name = Debug;
		};
		B9C12E6919134BE9002E433F /* Release */ = {
			isa = XCBuildConfiguration;
			buildSettings = {
				ASSETCATALOG_COMPILER_APPICON_NAME = AppIcon;
				ASSETCATALOG_COMPILER_LAUNCHIMAGE_NAME = LaunchImage;
				GCC_PRECOMPILE_PREFIX_HEADER = YES;
				GCC_PREFIX_HEADER = "tipCalculator/tipCalculator-Prefix.pch";
				INFOPLIST_FILE = "tipCalculator/tipCalculator-Info.plist";
				PRODUCT_NAME = "$(TARGET_NAME)";
				WRAPPER_EXTENSION = app;
			};
			name = Release;
		};
		B9C12E6B19134BE9002E433F /* Debug */ = {
			isa = XCBuildConfiguration;
			buildSettings = {
				BUNDLE_LOADER = "$(BUILT_PRODUCTS_DIR)/tipCalculator.app/tipCalculator";
				FRAMEWORK_SEARCH_PATHS = (
					"$(SDKROOT)/Developer/Library/Frameworks",
					"$(inherited)",
					"$(DEVELOPER_FRAMEWORKS_DIR)",
				);
				GCC_PRECOMPILE_PREFIX_HEADER = YES;
				GCC_PREFIX_HEADER = "tipCalculator/tipCalculator-Prefix.pch";
				GCC_PREPROCESSOR_DEFINITIONS = (
					"DEBUG=1",
					"$(inherited)",
				);
				INFOPLIST_FILE = "tipCalculatorTests/tipCalculatorTests-Info.plist";
				PRODUCT_NAME = "$(TARGET_NAME)";
				TEST_HOST = "$(BUNDLE_LOADER)";
				WRAPPER_EXTENSION = xctest;
			};
			name = Debug;
		};
		B9C12E6C19134BE9002E433F /* Release */ = {
			isa = XCBuildConfiguration;
			buildSettings = {
				BUNDLE_LOADER = "$(BUILT_PRODUCTS_DIR)/tipCalculator.app/tipCalculator";
				FRAMEWORK_SEARCH_PATHS = (
					"$(SDKROOT)/Developer/Library/Frameworks",
					"$(inherited)",
					"$(DEVELOPER_FRAMEWORKS_DIR)",
				);
				GCC_PRECOMPILE_PREFIX_HEADER = YES;
				GCC_PREFIX_HEADER = "tipCalculator/tipCalculator-Prefix.pch";
				INFOPLIST_FILE = "tipCalculatorTests/tipCalculatorTests-Info.plist";
				PRODUCT_NAME = "$(TARGET_NAME)";
				TEST_HOST = "$(BUNDLE_LOADER)";
				WRAPPER_EXTENSION = xctest;
			};
			name = Release;
		};
/* End XCBuildConfiguration section */

/* Begin XCConfigurationList section */
		B9C12E3619134BE9002E433F /* Build configuration list for PBXProject "tipCalculator" */ = {
			isa = XCConfigurationList;
			buildConfigurations = (
				B9C12E6519134BE9002E433F /* Debug */,
				B9C12E6619134BE9002E433F /* Release */,
			);
			defaultConfigurationIsVisible = 0;
			defaultConfigurationName = Release;
		};
		B9C12E6719134BE9002E433F /* Build configuration list for PBXNativeTarget "tipCalculator" */ = {
			isa = XCConfigurationList;
			buildConfigurations = (
				B9C12E6819134BE9002E433F /* Debug */,
				B9C12E6919134BE9002E433F /* Release */,
			);
			defaultConfigurationIsVisible = 0;
		};
		B9C12E6A19134BE9002E433F /* Build configuration list for PBXNativeTarget "tipCalculatorTests" */ = {
			isa = XCConfigurationList;
			buildConfigurations = (
				B9C12E6B19134BE9002E433F /* Debug */,
				B9C12E6C19134BE9002E433F /* Release */,
			);
			defaultConfigurationIsVisible = 0;
		};
/* End XCConfigurationList section */
	};
	rootObject = B9C12E3319134BE9002E433F /* Project object */;
}
